// !$*UTF8*$!
{
	archiveVersion = 1;
	classes = {
	};
	objectVersion = 50;
	objects = {

/* Begin PBXBuildFile section */
		72E3CF472133586400C7DA6E /* AppDelegate.swift in Sources */ = {isa = PBXBuildFile; fileRef = 72E3CF462133586400C7DA6E /* AppDelegate.swift */; };
		72E3CF492133586400C7DA6E /* ViewController.swift in Sources */ = {isa = PBXBuildFile; fileRef = 72E3CF482133586400C7DA6E /* ViewController.swift */; };
		72E3CF4C2133586400C7DA6E /* Main.storyboard in Resources */ = {isa = PBXBuildFile; fileRef = 72E3CF4A2133586400C7DA6E /* Main.storyboard */; };
		72E3CF4E2133586500C7DA6E /* Assets.xcassets in Resources */ = {isa = PBXBuildFile; fileRef = 72E3CF4D2133586500C7DA6E /* Assets.xcassets */; };
		72E3CF512133586500C7DA6E /* LaunchScreen.storyboard in Resources */ = {isa = PBXBuildFile; fileRef = 72E3CF4F2133586500C7DA6E /* LaunchScreen.storyboard */; };
		72E3CF5C2133586500C7DA6E /* MyAppTests.swift in Sources */ = {isa = PBXBuildFile; fileRef = 72E3CF5B2133586500C7DA6E /* MyAppTests.swift */; };
		72E3CF672133586500C7DA6E /* MyAppUITests.swift in Sources */ = {isa = PBXBuildFile; fileRef = 72E3CF662133586500C7DA6E /* MyAppUITests.swift */; };
/* End PBXBuildFile section */

/* Begin PBXContainerItemProxy section */
		72E3CF582133586500C7DA6E /* PBXContainerItemProxy */ = {
			isa = PBXContainerItemProxy;
			containerPortal = 72E3CF3B2133586400C7DA6E /* Project object */;
			proxyType = 1;
			remoteGlobalIDString = 72E3CF422133586400C7DA6E;
			remoteInfo = MyApp;
		};
		72E3CF632133586500C7DA6E /* PBXContainerItemProxy */ = {
			isa = PBXContainerItemProxy;
			containerPortal = 72E3CF3B2133586400C7DA6E /* Project object */;
			proxyType = 1;
			remoteGlobalIDString = 72E3CF422133586400C7DA6E;
			remoteInfo = MyApp;
		};
/* End PBXContainerItemProxy section */

/* Begin PBXFileReference section */
		72E3CF432133586400C7DA6E /* MyApp.app */ = {isa = PBXFileReference; explicitFileType = wrapper.application; includeInIndex = 0; path = MyApp.app; sourceTree = BUILT_PRODUCTS_DIR; };
		72E3CF462133586400C7DA6E /* AppDelegate.swift */ = {isa = PBXFileReference; lastKnownFileType = sourcecode.swift; path = AppDelegate.swift; sourceTree = "<group>"; };
		72E3CF482133586400C7DA6E /* ViewController.swift */ = {isa = PBXFileReference; lastKnownFileType = sourcecode.swift; path = ViewController.swift; sourceTree = "<group>"; };
		72E3CF4B2133586400C7DA6E /* Base */ = {isa = PBXFileReference; lastKnownFileType = file.storyboard; name = Base; path = Base.lproj/Main.storyboard; sourceTree = "<group>"; };
		72E3CF4D2133586500C7DA6E /* Assets.xcassets */ = {isa = PBXFileReference; lastKnownFileType = folder.assetcatalog; path = Assets.xcassets; sourceTree = "<group>"; };
		72E3CF502133586500C7DA6E /* Base */ = {isa = PBXFileReference; lastKnownFileType = file.storyboard; name = Base; path = Base.lproj/LaunchScreen.storyboard; sourceTree = "<group>"; };
		72E3CF522133586500C7DA6E /* Info.plist */ = {isa = PBXFileReference; lastKnownFileType = text.plist.xml; path = Info.plist; sourceTree = "<group>"; };
		72E3CF572133586500C7DA6E /* MyAppTests.xctest */ = {isa = PBXFileReference; explicitFileType = wrapper.cfbundle; includeInIndex = 0; path = MyAppTests.xctest; sourceTree = BUILT_PRODUCTS_DIR; };
		72E3CF5B2133586500C7DA6E /* MyAppTests.swift */ = {isa = PBXFileReference; lastKnownFileType = sourcecode.swift; path = MyAppTests.swift; sourceTree = "<group>"; };
		72E3CF5D2133586500C7DA6E /* Info.plist */ = {isa = PBXFileReference; lastKnownFileType = text.plist.xml; path = Info.plist; sourceTree = "<group>"; };
		72E3CF622133586500C7DA6E /* MyAppUITests.xctest */ = {isa = PBXFileReference; explicitFileType = wrapper.cfbundle; includeInIndex = 0; path = MyAppUITests.xctest; sourceTree = BUILT_PRODUCTS_DIR; };
		72E3CF662133586500C7DA6E /* MyAppUITests.swift */ = {isa = PBXFileReference; lastKnownFileType = sourcecode.swift; path = MyAppUITests.swift; sourceTree = "<group>"; };
		72E3CF682133586500C7DA6E /* Info.plist */ = {isa = PBXFileReference; lastKnownFileType = text.plist.xml; path = Info.plist; sourceTree = "<group>"; };
/* End PBXFileReference section */

/* Begin PBXFrameworksBuildPhase section */
		72E3CF402133586400C7DA6E /* Frameworks */ = {
			isa = PBXFrameworksBuildPhase;
			buildActionMask = 2147483647;
			files = (
			);
			runOnlyForDeploymentPostprocessing = 0;
		};
		72E3CF542133586500C7DA6E /* Frameworks */ = {
			isa = PBXFrameworksBuildPhase;
			buildActionMask = 2147483647;
			files = (
			);
			runOnlyForDeploymentPostprocessing = 0;
		};
		72E3CF5F2133586500C7DA6E /* Frameworks */ = {
			isa = PBXFrameworksBuildPhase;
			buildActionMask = 2147483647;
			files = (
			);
			runOnlyForDeploymentPostprocessing = 0;
		};
/* End PBXFrameworksBuildPhase section */

/* Begin PBXGroup section */
		72E3CF3A2133586400C7DA6E = {
			isa = PBXGroup;
			children = (
				72E3CF452133586400C7DA6E /* MyApp */,
				72E3CF5A2133586500C7DA6E /* MyAppTests */,
				72E3CF652133586500C7DA6E /* MyAppUITests */,
				72E3CF442133586400C7DA6E /* Products */,
			);
			sourceTree = "<group>";
		};
		72E3CF442133586400C7DA6E /* Products */ = {
			isa = PBXGroup;
			children = (
				72E3CF432133586400C7DA6E /* MyApp.app */,
				72E3CF572133586500C7DA6E /* MyAppTests.xctest */,
				72E3CF622133586500C7DA6E /* MyAppUITests.xctest */,
			);
			name = Products;
			sourceTree = "<group>";
		};
		72E3CF452133586400C7DA6E /* MyApp */ = {
			isa = PBXGroup;
			children = (
				72E3CF462133586400C7DA6E /* AppDelegate.swift */,
				72E3CF482133586400C7DA6E /* ViewController.swift */,
				72E3CF4A2133586400C7DA6E /* Main.storyboard */,
				72E3CF4D2133586500C7DA6E /* Assets.xcassets */,
				72E3CF4F2133586500C7DA6E /* LaunchScreen.storyboard */,
				72E3CF522133586500C7DA6E /* Info.plist */,
			);
			path = MyApp;
			sourceTree = "<group>";
		};
		72E3CF5A2133586500C7DA6E /* MyAppTests */ = {
			isa = PBXGroup;
			children = (
				72E3CF5B2133586500C7DA6E /* MyAppTests.swift */,
				72E3CF5D2133586500C7DA6E /* Info.plist */,
			);
			path = MyAppTests;
			sourceTree = "<group>";
		};
		72E3CF652133586500C7DA6E /* MyAppUITests */ = {
			isa = PBXGroup;
			children = (
				72E3CF662133586500C7DA6E /* MyAppUITests.swift */,
				72E3CF682133586500C7DA6E /* Info.plist */,
			);
			path = MyAppUITests;
			sourceTree = "<group>";
		};
/* End PBXGroup section */

/* Begin PBXNativeTarget section */
		72E3CF422133586400C7DA6E /* MyApp */ = {
			isa = PBXNativeTarget;
			buildConfigurationList = 72E3CF6B2133586500C7DA6E /* Build configuration list for PBXNativeTarget "MyApp" */;
			buildPhases = (
				72E3CF3F2133586400C7DA6E /* Sources */,
				72E3CF402133586400C7DA6E /* Frameworks */,
				72E3CF412133586400C7DA6E /* Resources */,
			);
			buildRules = (
			);
			dependencies = (
			);
			name = MyApp;
			productName = MyApp;
			productReference = 72E3CF432133586400C7DA6E /* MyApp.app */;
			productType = "com.apple.product-type.application";
		};
		72E3CF562133586500C7DA6E /* MyAppTests */ = {
			isa = PBXNativeTarget;
			buildConfigurationList = 72E3CF6E2133586500C7DA6E /* Build configuration list for PBXNativeTarget "MyAppTests" */;
			buildPhases = (
				72E3CF532133586500C7DA6E /* Sources */,
				72E3CF542133586500C7DA6E /* Frameworks */,
				72E3CF552133586500C7DA6E /* Resources */,
			);
			buildRules = (
			);
			dependencies = (
				72E3CF592133586500C7DA6E /* PBXTargetDependency */,
			);
			name = MyAppTests;
			productName = MyAppTests;
			productReference = 72E3CF572133586500C7DA6E /* MyAppTests.xctest */;
			productType = "com.apple.product-type.bundle.unit-test";
		};
		72E3CF612133586500C7DA6E /* MyAppUITests */ = {
			isa = PBXNativeTarget;
			buildConfigurationList = 72E3CF712133586500C7DA6E /* Build configuration list for PBXNativeTarget "MyAppUITests" */;
			buildPhases = (
				72E3CF5E2133586500C7DA6E /* Sources */,
				72E3CF5F2133586500C7DA6E /* Frameworks */,
				72E3CF602133586500C7DA6E /* Resources */,
			);
			buildRules = (
			);
			dependencies = (
				72E3CF642133586500C7DA6E /* PBXTargetDependency */,
			);
			name = MyAppUITests;
			productName = MyAppUITests;
			productReference = 72E3CF622133586500C7DA6E /* MyAppUITests.xctest */;
			productType = "com.apple.product-type.bundle.ui-testing";
		};
/* End PBXNativeTarget section */

/* Begin PBXProject section */
		72E3CF3B2133586400C7DA6E /* Project object */ = {
			isa = PBXProject;
			attributes = {
				LastSwiftUpdateCheck = 0940;
				LastUpgradeCheck = 0940;
				TargetAttributes = {
					72E3CF422133586400C7DA6E = {
						CreatedOnToolsVersion = 9.4.1;
					};
					72E3CF562133586500C7DA6E = {
						CreatedOnToolsVersion = 9.4.1;
						TestTargetID = 72E3CF422133586400C7DA6E;
					};
					72E3CF612133586500C7DA6E = {
						CreatedOnToolsVersion = 9.4.1;
						TestTargetID = 72E3CF422133586400C7DA6E;
					};
				};
			};
			buildConfigurationList = 72E3CF3E2133586400C7DA6E /* Build configuration list for PBXProject "MyApp" */;
			compatibilityVersion = "Xcode 9.3";
			developmentRegion = en;
			hasScannedForEncodings = 0;
			knownRegions = (
				en,
				Base,
			);
			mainGroup = 72E3CF3A2133586400C7DA6E;
			productRefGroup = 72E3CF442133586400C7DA6E /* Products */;
			projectDirPath = "";
			projectRoot = "";
			targets = (
				72E3CF422133586400C7DA6E /* MyApp */,
				72E3CF562133586500C7DA6E /* MyAppTests */,
				72E3CF612133586500C7DA6E /* MyAppUITests */,
			);
		};
/* End PBXProject section */

/* Begin PBXResourcesBuildPhase section */
		72E3CF412133586400C7DA6E /* Resources */ = {
			isa = PBXResourcesBuildPhase;
			buildActionMask = 2147483647;
			files = (
				72E3CF512133586500C7DA6E /* LaunchScreen.storyboard in Resources */,
				72E3CF4E2133586500C7DA6E /* Assets.xcassets in Resources */,
				72E3CF4C2133586400C7DA6E /* Main.storyboard in Resources */,
			);
			runOnlyForDeploymentPostprocessing = 0;
		};
		72E3CF552133586500C7DA6E /* Resources */ = {
			isa = PBXResourcesBuildPhase;
			buildActionMask = 2147483647;
			files = (
			);
			runOnlyForDeploymentPostprocessing = 0;
		};
		72E3CF602133586500C7DA6E /* Resources */ = {
			isa = PBXResourcesBuildPhase;
			buildActionMask = 2147483647;
			files = (
			);
			runOnlyForDeploymentPostprocessing = 0;
		};
/* End PBXResourcesBuildPhase section */

/* Begin PBXSourcesBuildPhase section */
		72E3CF3F2133586400C7DA6E /* Sources */ = {
			isa = PBXSourcesBuildPhase;
			buildActionMask = 2147483647;
			files = (
				72E3CF492133586400C7DA6E /* ViewController.swift in Sources */,
				72E3CF472133586400C7DA6E /* AppDelegate.swift in Sources */,
			);
			runOnlyForDeploymentPostprocessing = 0;
		};
		72E3CF532133586500C7DA6E /* Sources */ = {
			isa = PBXSourcesBuildPhase;
			buildActionMask = 2147483647;
			files = (
				72E3CF5C2133586500C7DA6E /* MyAppTests.swift in Sources */,
			);
			runOnlyForDeploymentPostprocessing = 0;
		};
		72E3CF5E2133586500C7DA6E /* Sources */ = {
			isa = PBXSourcesBuildPhase;
			buildActionMask = 2147483647;
			files = (
				72E3CF672133586500C7DA6E /* MyAppUITests.swift in Sources */,
			);
			runOnlyForDeploymentPostprocessing = 0;
		};
/* End PBXSourcesBuildPhase section */

/* Begin PBXTargetDependency section */
		72E3CF592133586500C7DA6E /* PBXTargetDependency */ = {
			isa = PBXTargetDependency;
			target = 72E3CF422133586400C7DA6E /* MyApp */;
			targetProxy = 72E3CF582133586500C7DA6E /* PBXContainerItemProxy */;
		};
		72E3CF642133586500C7DA6E /* PBXTargetDependency */ = {
			isa = PBXTargetDependency;
			target = 72E3CF422133586400C7DA6E /* MyApp */;
			targetProxy = 72E3CF632133586500C7DA6E /* PBXContainerItemProxy */;
		};
/* End PBXTargetDependency section */

/* Begin PBXVariantGroup section */
		72E3CF4A2133586400C7DA6E /* Main.storyboard */ = {
			isa = PBXVariantGroup;
			children = (
				72E3CF4B2133586400C7DA6E /* Base */,
			);
			name = Main.storyboard;
			sourceTree = "<group>";
		};
		72E3CF4F2133586500C7DA6E /* LaunchScreen.storyboard */ = {
			isa = PBXVariantGroup;
			children = (
				72E3CF502133586500C7DA6E /* Base */,
			);
			name = LaunchScreen.storyboard;
			sourceTree = "<group>";
		};
/* End PBXVariantGroup section */

/* Begin XCBuildConfiguration section */
		72E3CF692133586500C7DA6E /* Debug */ = {
			isa = XCBuildConfiguration;
			buildSettings = {
				ALWAYS_SEARCH_USER_PATHS = NO;
				CLANG_ANALYZER_NONNULL = YES;
				CLANG_ANALYZER_NUMBER_OBJECT_CONVERSION = YES_AGGRESSIVE;
				CLANG_CXX_LANGUAGE_STANDARD = "gnu++14";
				CLANG_CXX_LIBRARY = "libc++";
				CLANG_ENABLE_MODULES = YES;
				CLANG_ENABLE_OBJC_ARC = YES;
				CLANG_ENABLE_OBJC_WEAK = YES;
				CLANG_WARN_BLOCK_CAPTURE_AUTORELEASING = YES;
				CLANG_WARN_BOOL_CONVERSION = YES;
				CLANG_WARN_COMMA = YES;
				CLANG_WARN_CONSTANT_CONVERSION = YES;
				CLANG_WARN_DEPRECATED_OBJC_IMPLEMENTATIONS = YES;
				CLANG_WARN_DIRECT_OBJC_ISA_USAGE = YES_ERROR;
				CLANG_WARN_DOCUMENTATION_COMMENTS = YES;
				CLANG_WARN_EMPTY_BODY = YES;
				CLANG_WARN_ENUM_CONVERSION = YES;
				CLANG_WARN_INFINITE_RECURSION = YES;
				CLANG_WARN_INT_CONVERSION = YES;
				CLANG_WARN_NON_LITERAL_NULL_CONVERSION = YES;
				CLANG_WARN_OBJC_IMPLICIT_RETAIN_SELF = YES;
				CLANG_WARN_OBJC_LITERAL_CONVERSION = YES;
				CLANG_WARN_OBJC_ROOT_CLASS = YES_ERROR;
				CLANG_WARN_RANGE_LOOP_ANALYSIS = YES;
				CLANG_WARN_STRICT_PROTOTYPES = YES;
				CLANG_WARN_SUSPICIOUS_MOVE = YES;
				CLANG_WARN_UNGUARDED_AVAILABILITY = YES_AGGRESSIVE;
				CLANG_WARN_UNREACHABLE_CODE = YES;
				CLANG_WARN__DUPLICATE_METHOD_MATCH = YES;
				CODE_SIGN_IDENTITY = "iPhone Developer";
				COPY_PHASE_STRIP = NO;
				DEBUG_INFORMATION_FORMAT = dwarf;
				ENABLE_STRICT_OBJC_MSGSEND = YES;
				ENABLE_TESTABILITY = YES;
				GCC_C_LANGUAGE_STANDARD = gnu11;
				GCC_DYNAMIC_NO_PIC = NO;
				GCC_NO_COMMON_BLOCKS = YES;
				GCC_OPTIMIZATION_LEVEL = 0;
				GCC_PREPROCESSOR_DEFINITIONS = (
					"DEBUG=1",
					"$(inherited)",
				);
				GCC_WARN_64_TO_32_BIT_CONVERSION = YES;
				GCC_WARN_ABOUT_RETURN_TYPE = YES_ERROR;
				GCC_WARN_UNDECLARED_SELECTOR = YES;
				GCC_WARN_UNINITIALIZED_AUTOS = YES_AGGRESSIVE;
				GCC_WARN_UNUSED_FUNCTION = YES;
				GCC_WARN_UNUSED_VARIABLE = YES;
				IPHONEOS_DEPLOYMENT_TARGET = 11.4;
				MTL_ENABLE_DEBUG_INFO = YES;
				ONLY_ACTIVE_ARCH = YES;
				SDKROOT = iphoneos;
				SWIFT_ACTIVE_COMPILATION_CONDITIONS = DEBUG;
				SWIFT_OPTIMIZATION_LEVEL = "-Onone";
			};
			name = Debug;
		};
		72E3CF6A2133586500C7DA6E /* Release */ = {
			isa = XCBuildConfiguration;
			buildSettings = {
				ALWAYS_SEARCH_USER_PATHS = NO;
				CLANG_ANALYZER_NONNULL = YES;
				CLANG_ANALYZER_NUMBER_OBJECT_CONVERSION = YES_AGGRESSIVE;
				CLANG_CXX_LANGUAGE_STANDARD = "gnu++14";
				CLANG_CXX_LIBRARY = "libc++";
				CLANG_ENABLE_MODULES = YES;
				CLANG_ENABLE_OBJC_ARC = YES;
				CLANG_ENABLE_OBJC_WEAK = YES;
				CLANG_WARN_BLOCK_CAPTURE_AUTORELEASING = YES;
				CLANG_WARN_BOOL_CONVERSION = YES;
				CLANG_WARN_COMMA = YES;
				CLANG_WARN_CONSTANT_CONVERSION = YES;
				CLANG_WARN_DEPRECATED_OBJC_IMPLEMENTATIONS = YES;
				CLANG_WARN_DIRECT_OBJC_ISA_USAGE = YES_ERROR;
				CLANG_WARN_DOCUMENTATION_COMMENTS = YES;
				CLANG_WARN_EMPTY_BODY = YES;
				CLANG_WARN_ENUM_CONVERSION = YES;
				CLANG_WARN_INFINITE_RECURSION = YES;
				CLANG_WARN_INT_CONVERSION = YES;
				CLANG_WARN_NON_LITERAL_NULL_CONVERSION = YES;
				CLANG_WARN_OBJC_IMPLICIT_RETAIN_SELF = YES;
				CLANG_WARN_OBJC_LITERAL_CONVERSION = YES;
				CLANG_WARN_OBJC_ROOT_CLASS = YES_ERROR;
				CLANG_WARN_RANGE_LOOP_ANALYSIS = YES;
				CLANG_WARN_STRICT_PROTOTYPES = YES;
				CLANG_WARN_SUSPICIOUS_MOVE = YES;
				CLANG_WARN_UNGUARDED_AVAILABILITY = YES_AGGRESSIVE;
				CLANG_WARN_UNREACHABLE_CODE = YES;
				CLANG_WARN__DUPLICATE_METHOD_MATCH = YES;
				CODE_SIGN_IDENTITY = "iPhone Developer";
				COPY_PHASE_STRIP = NO;
				DEBUG_INFORMATION_FORMAT = "dwarf-with-dsym";
				ENABLE_NS_ASSERTIONS = NO;
				ENABLE_STRICT_OBJC_MSGSEND = YES;
				GCC_C_LANGUAGE_STANDARD = gnu11;
				GCC_NO_COMMON_BLOCKS = YES;
				GCC_WARN_64_TO_32_BIT_CONVERSION = YES;
				GCC_WARN_ABOUT_RETURN_TYPE = YES_ERROR;
				GCC_WARN_UNDECLARED_SELECTOR = YES;
				GCC_WARN_UNINITIALIZED_AUTOS = YES_AGGRESSIVE;
				GCC_WARN_UNUSED_FUNCTION = YES;
				GCC_WARN_UNUSED_VARIABLE = YES;
				IPHONEOS_DEPLOYMENT_TARGET = 11.4;
				MTL_ENABLE_DEBUG_INFO = NO;
				SDKROOT = iphoneos;
				SWIFT_COMPILATION_MODE = wholemodule;
				SWIFT_OPTIMIZATION_LEVEL = "-O";
				VALIDATE_PRODUCT = YES;
			};
			name = Release;
		};
		72E3CF6C2133586500C7DA6E /* Debug */ = {
			isa = XCBuildConfiguration;
			buildSettings = {
				ASSETCATALOG_COMPILER_APPICON_NAME = AppIcon;
				CODE_SIGN_STYLE = Automatic;
				INFOPLIST_FILE = MyApp/Info.plist;
				LD_RUNPATH_SEARCH_PATHS = (
					"$(inherited)",
					"@executable_path/Frameworks",
				);
				PRODUCT_BUNDLE_IDENTIFIER = com.example.MyApp;
				PRODUCT_NAME = "$(TARGET_NAME)";
				SWIFT_VERSION = 4.0;
				TARGETED_DEVICE_FAMILY = "1,2";
			};
			name = Debug;
		};
		72E3CF6D2133586500C7DA6E /* Release */ = {
			isa = XCBuildConfiguration;
			buildSettings = {
				ASSETCATALOG_COMPILER_APPICON_NAME = AppIcon;
				CODE_SIGN_STYLE = Automatic;
				INFOPLIST_FILE = MyApp/Info.plist;
				LD_RUNPATH_SEARCH_PATHS = (
					"$(inherited)",
					"@executable_path/Frameworks",
				);
				PRODUCT_BUNDLE_IDENTIFIER = com.example.MyApp;
				PRODUCT_NAME = "$(TARGET_NAME)";
				SWIFT_VERSION = 4.0;
				TARGETED_DEVICE_FAMILY = "1,2";
			};
			name = Release;
		};
		72E3CF6F2133586500C7DA6E /* Debug */ = {
			isa = XCBuildConfiguration;
			buildSettings = {
				ALWAYS_EMBED_SWIFT_STANDARD_LIBRARIES = YES;
				BUNDLE_LOADER = "$(TEST_HOST)";
				CODE_SIGN_STYLE = Automatic;
				INFOPLIST_FILE = MyAppTests/Info.plist;
				LD_RUNPATH_SEARCH_PATHS = (
					"$(inherited)",
					"@executable_path/Frameworks",
					"@loader_path/Frameworks",
				);
				PRODUCT_BUNDLE_IDENTIFIER = com.example.MyAppTests;
				PRODUCT_NAME = "$(TARGET_NAME)";
				SWIFT_VERSION = 4.0;
				TARGETED_DEVICE_FAMILY = "1,2";
				TEST_HOST = "$(BUILT_PRODUCTS_DIR)/MyApp.app/MyApp";
			};
			name = Debug;
		};
		72E3CF702133586500C7DA6E /* Release */ = {
			isa = XCBuildConfiguration;
			buildSettings = {
				ALWAYS_EMBED_SWIFT_STANDARD_LIBRARIES = YES;
				BUNDLE_LOADER = "$(TEST_HOST)";
				CODE_SIGN_STYLE = Automatic;
				INFOPLIST_FILE = MyAppTests/Info.plist;
				LD_RUNPATH_SEARCH_PATHS = (
					"$(inherited)",
					"@executable_path/Frameworks",
					"@loader_path/Frameworks",
				);
				PRODUCT_BUNDLE_IDENTIFIER = com.example.MyAppTests;
				PRODUCT_NAME = "$(TARGET_NAME)";
				SWIFT_VERSION = 4.0;
				TARGETED_DEVICE_FAMILY = "1,2";
				TEST_HOST = "$(BUILT_PRODUCTS_DIR)/MyApp.app/MyApp";
			};
			name = Release;
		};
		72E3CF722133586500C7DA6E /* Debug */ = {
			isa = XCBuildConfiguration;
			buildSettings = {
				ALWAYS_EMBED_SWIFT_STANDARD_LIBRARIES = YES;
				CODE_SIGN_STYLE = Automatic;
				INFOPLIST_FILE = MyAppUITests/Info.plist;
				LD_RUNPATH_SEARCH_PATHS = (
					"$(inherited)",
					"@executable_path/Frameworks",
					"@loader_path/Frameworks",
				);
				PRODUCT_BUNDLE_IDENTIFIER = com.example.MyAppUITests;
				PRODUCT_NAME = "$(TARGET_NAME)";
				SWIFT_VERSION = 4.0;
				TARGETED_DEVICE_FAMILY = "1,2";
				TEST_TARGET_NAME = MyApp;
			};
			name = Debug;
		};
		72E3CF732133586500C7DA6E /* Release */ = {
			isa = XCBuildConfiguration;
			buildSettings = {
				ALWAYS_EMBED_SWIFT_STANDARD_LIBRARIES = YES;
				CODE_SIGN_STYLE = Automatic;
				INFOPLIST_FILE = MyAppUITests/Info.plist;
				LD_RUNPATH_SEARCH_PATHS = (
					"$(inherited)",
					"@executable_path/Frameworks",
					"@loader_path/Frameworks",
				);
				PRODUCT_BUNDLE_IDENTIFIER = com.example.MyAppUITests;
				PRODUCT_NAME = "$(TARGET_NAME)";
				SWIFT_VERSION = 4.0;
				TARGETED_DEVICE_FAMILY = "1,2";
				TEST_TARGET_NAME = MyApp;
			};
			name = Release;
		};
/* End XCBuildConfiguration section */

/* Begin XCConfigurationList section */
		72E3CF3E2133586400C7DA6E /* Build configuration list for PBXProject "MyApp" */ = {
			isa = XCConfigurationList;
			buildConfigurations = (
				72E3CF692133586500C7DA6E /* Debug */,
				72E3CF6A2133586500C7DA6E /* Release */,
			);
			defaultConfigurationIsVisible = 0;
			defaultConfigurationName = Release;
		};
		72E3CF6B2133586500C7DA6E /* Build configuration list for PBXNativeTarget "MyApp" */ = {
			isa = XCConfigurationList;
			buildConfigurations = (
				72E3CF6C2133586500C7DA6E /* Debug */,
				72E3CF6D2133586500C7DA6E /* Release */,
			);
			defaultConfigurationIsVisible = 0;
			defaultConfigurationName = Release;
		};
		72E3CF6E2133586500C7DA6E /* Build configuration list for PBXNativeTarget "MyAppTests" */ = {
			isa = XCConfigurationList;
			buildConfigurations = (
				72E3CF6F2133586500C7DA6E /* Debug */,
				72E3CF702133586500C7DA6E /* Release */,
			);
			defaultConfigurationIsVisible = 0;
			defaultConfigurationName = Release;
		};
		72E3CF712133586500C7DA6E /* Build configuration list for PBXNativeTarget "MyAppUITests" */ = {
			isa = XCConfigurationList;
			buildConfigurations = (
				72E3CF722133586500C7DA6E /* Debug */,
				72E3CF732133586500C7DA6E /* Release */,
			);
			defaultConfigurationIsVisible = 0;
			defaultConfigurationName = Release;
		};
/* End XCConfigurationList section */
	};
	rootObject = 72E3CF3B2133586400C7DA6E /* Project object */;
}
